// !$*UTF8*$!
{
	archiveVersion = 1;
	classes = {
	};
	objectVersion = 77;
	objects = {

/* Begin PBXContainerItemProxy section */
		F3DFB78F2D92D09F0009AC1F /* PBXContainerItemProxy */ = {
			isa = PBXContainerItemProxy;
			containerPortal = F3DFB7712D92D09B0009AC1F /* Project object */;
			proxyType = 1;
			remoteGlobalIDString = F3DFB7782D92D09B0009AC1F;
			remoteInfo = QPair;
		};
		F3DFB7992D92D09F0009AC1F /* PBXContainerItemProxy */ = {
			isa = PBXContainerItemProxy;
			containerPortal = F3DFB7712D92D09B0009AC1F /* Project object */;
			proxyType = 1;
			remoteGlobalIDString = F3DFB7782D92D09B0009AC1F;
			remoteInfo = QPair;
		};
/* End PBXContainerItemProxy section */

/* Begin PBXFileReference section */
		F3DFB7792D92D09B0009AC1F /* QPair.app */ = {isa = PBXFileReference; explicitFileType = wrapper.application; includeInIndex = 0; path = QPair.app; sourceTree = BUILT_PRODUCTS_DIR; };
		F3DFB78E2D92D09F0009AC1F /* QPairTests.xctest */ = {isa = PBXFileReference; explicitFileType = wrapper.cfbundle; includeInIndex = 0; path = QPairTests.xctest; sourceTree = BUILT_PRODUCTS_DIR; };
		F3DFB7982D92D09F0009AC1F /* QPairUITests.xctest */ = {isa = PBXFileReference; explicitFileType = wrapper.cfbundle; includeInIndex = 0; path = QPairUITests.xctest; sourceTree = BUILT_PRODUCTS_DIR; };
/* End PBXFileReference section */

/* Begin PBXFileSystemSynchronizedRootGroup section */
		F3DFB77B2D92D09B0009AC1F /* QPair */ = {
			isa = PBXFileSystemSynchronizedRootGroup;
			path = QPair;
			sourceTree = "<group>";
		};
		F3DFB7912D92D09F0009AC1F /* QPairTests */ = {
			isa = PBXFileSystemSynchronizedRootGroup;
			path = QPairTests;
			sourceTree = "<group>";
		};
		F3DFB79B2D92D09F0009AC1F /* QPairUITests */ = {
			isa = PBXFileSystemSynchronizedRootGroup;
			path = QPairUITests;
			sourceTree = "<group>";
		};
/* End PBXFileSystemSynchronizedRootGroup section */

/* Begin PBXFrameworksBuildPhase section */
		F3DFB7762D92D09B0009AC1F /* Frameworks */ = {
			isa = PBXFrameworksBuildPhase;
			buildActionMask = 2147483647;
			files = (
			);
			runOnlyForDeploymentPostprocessing = 0;
		};
		F3DFB78B2D92D09F0009AC1F /* Frameworks */ = {
			isa = PBXFrameworksBuildPhase;
			buildActionMask = 2147483647;
			files = (
			);
			runOnlyForDeploymentPostprocessing = 0;
		};
		F3DFB7952D92D09F0009AC1F /* Frameworks */ = {
			isa = PBXFrameworksBuildPhase;
			buildActionMask = 2147483647;
			files = (
			);
			runOnlyForDeploymentPostprocessing = 0;
		};
/* End PBXFrameworksBuildPhase section */

/* Begin PBXGroup section */
		F3DFB7702D92D09B0009AC1F = {
			isa = PBXGroup;
			children = (
				F3DFB77B2D92D09B0009AC1F /* QPair */,
				F3DFB7912D92D09F0009AC1F /* QPairTests */,
				F3DFB79B2D92D09F0009AC1F /* QPairUITests */,
				F3DFB77A2D92D09B0009AC1F /* Products */,
			);
			sourceTree = "<group>";
		};
		F3DFB77A2D92D09B0009AC1F /* Products */ = {
			isa = PBXGroup;
			children = (
				F3DFB7792D92D09B0009AC1F /* QPair.app */,
				F3DFB78E2D92D09F0009AC1F /* QPairTests.xctest */,
				F3DFB7982D92D09F0009AC1F /* QPairUITests.xctest */,
			);
			name = Products;
			sourceTree = "<group>";
		};
/* End PBXGroup section */

/* Begin PBXNativeTarget section */
		F3DFB7782D92D09B0009AC1F /* QPair */ = {
			isa = PBXNativeTarget;
			buildConfigurationList = F3DFB7A22D92D09F0009AC1F /* Build configuration list for PBXNativeTarget "QPair" */;
			buildPhases = (
				F3DFB7752D92D09B0009AC1F /* Sources */,
				F3DFB7762D92D09B0009AC1F /* Frameworks */,
				F3DFB7772D92D09B0009AC1F /* Resources */,
			);
			buildRules = (
			);
			dependencies = (
			);
			fileSystemSynchronizedGroups = (
				F3DFB77B2D92D09B0009AC1F /* QPair */,
			);
			name = QPair;
			packageProductDependencies = (
			);
			productName = QPair;
			productReference = F3DFB7792D92D09B0009AC1F /* QPair.app */;
			productType = "com.apple.product-type.application";
		};
		F3DFB78D2D92D09F0009AC1F /* QPairTests */ = {
			isa = PBXNativeTarget;
			buildConfigurationList = F3DFB7A52D92D09F0009AC1F /* Build configuration list for PBXNativeTarget "QPairTests" */;
			buildPhases = (
				F3DFB78A2D92D09F0009AC1F /* Sources */,
				F3DFB78B2D92D09F0009AC1F /* Frameworks */,
				F3DFB78C2D92D09F0009AC1F /* Resources */,
			);
			buildRules = (
			);
			dependencies = (
				F3DFB7902D92D09F0009AC1F /* PBXTargetDependency */,
			);
			fileSystemSynchronizedGroups = (
				F3DFB7912D92D09F0009AC1F /* QPairTests */,
			);
			name = QPairTests;
			packageProductDependencies = (
			);
			productName = QPairTests;
			productReference = F3DFB78E2D92D09F0009AC1F /* QPairTests.xctest */;
			productType = "com.apple.product-type.bundle.unit-test";
		};
		F3DFB7972D92D09F0009AC1F /* QPairUITests */ = {
			isa = PBXNativeTarget;
			buildConfigurationList = F3DFB7A82D92D09F0009AC1F /* Build configuration list for PBXNativeTarget "QPairUITests" */;
			buildPhases = (
				F3DFB7942D92D09F0009AC1F /* Sources */,
				F3DFB7952D92D09F0009AC1F /* Frameworks */,
				F3DFB7962D92D09F0009AC1F /* Resources */,
			);
			buildRules = (
			);
			dependencies = (
				F3DFB79A2D92D09F0009AC1F /* PBXTargetDependency */,
			);
			fileSystemSynchronizedGroups = (
				F3DFB79B2D92D09F0009AC1F /* QPairUITests */,
			);
			name = QPairUITests;
			packageProductDependencies = (
			);
			productName = QPairUITests;
			productReference = F3DFB7982D92D09F0009AC1F /* QPairUITests.xctest */;
			productType = "com.apple.product-type.bundle.ui-testing";
		};
/* End PBXNativeTarget section */

/* Begin PBXProject section */
		F3DFB7712D92D09B0009AC1F /* Project object */ = {
			isa = PBXProject;
			attributes = {
				BuildIndependentTargetsInParallel = 1;
				LastSwiftUpdateCheck = 1620;
				LastUpgradeCheck = 1620;
				TargetAttributes = {
					F3DFB7782D92D09B0009AC1F = {
						CreatedOnToolsVersion = 16.2;
					};
					F3DFB78D2D92D09F0009AC1F = {
						CreatedOnToolsVersion = 16.2;
						TestTargetID = F3DFB7782D92D09B0009AC1F;
					};
					F3DFB7972D92D09F0009AC1F = {
						CreatedOnToolsVersion = 16.2;
						TestTargetID = F3DFB7782D92D09B0009AC1F;
					};
				};
			};
			buildConfigurationList = F3DFB7742D92D09B0009AC1F /* Build configuration list for PBXProject "QPair" */;
			developmentRegion = en;
			hasScannedForEncodings = 0;
			knownRegions = (
				en,
				Base,
			);
			mainGroup = F3DFB7702D92D09B0009AC1F;
			minimizedProjectReferenceProxies = 1;
			preferredProjectObjectVersion = 77;
			productRefGroup = F3DFB77A2D92D09B0009AC1F /* Products */;
			projectDirPath = "";
			projectRoot = "";
			targets = (
				F3DFB7782D92D09B0009AC1F /* QPair */,
				F3DFB78D2D92D09F0009AC1F /* QPairTests */,
				F3DFB7972D92D09F0009AC1F /* QPairUITests */,
			);
		};
/* End PBXProject section */

/* Begin PBXResourcesBuildPhase section */
		F3DFB7772D92D09B0009AC1F /* Resources */ = {
			isa = PBXResourcesBuildPhase;
			buildActionMask = 2147483647;
			files = (
			);
			runOnlyForDeploymentPostprocessing = 0;
		};
		F3DFB78C2D92D09F0009AC1F /* Resources */ = {
			isa = PBXResourcesBuildPhase;
			buildActionMask = 2147483647;
			files = (
			);
			runOnlyForDeploymentPostprocessing = 0;
		};
		F3DFB7962D92D09F0009AC1F /* Resources */ = {
			isa = PBXResourcesBuildPhase;
			buildActionMask = 2147483647;
			files = (
			);
			runOnlyForDeploymentPostprocessing = 0;
		};
/* End PBXResourcesBuildPhase section */

/* Begin PBXSourcesBuildPhase section */
		F3DFB7752D92D09B0009AC1F /* Sources */ = {
			isa = PBXSourcesBuildPhase;
			buildActionMask = 2147483647;
			files = (
			);
			runOnlyForDeploymentPostprocessing = 0;
		};
		F3DFB78A2D92D09F0009AC1F /* Sources */ = {
			isa = PBXSourcesBuildPhase;
			buildActionMask = 2147483647;
			files = (
			);
			runOnlyForDeploymentPostprocessing = 0;
		};
		F3DFB7942D92D09F0009AC1F /* Sources */ = {
			isa = PBXSourcesBuildPhase;
			buildActionMask = 2147483647;
			files = (
			);
			runOnlyForDeploymentPostprocessing = 0;
		};
/* End PBXSourcesBuildPhase section */

/* Begin PBXTargetDependency section */
		F3DFB7902D92D09F0009AC1F /* PBXTargetDependency */ = {
			isa = PBXTargetDependency;
			target = F3DFB7782D92D09B0009AC1F /* QPair */;
			targetProxy = F3DFB78F2D92D09F0009AC1F /* PBXContainerItemProxy */;
		};
		F3DFB79A2D92D09F0009AC1F /* PBXTargetDependency */ = {
			isa = PBXTargetDependency;
			target = F3DFB7782D92D09B0009AC1F /* QPair */;
			targetProxy = F3DFB7992D92D09F0009AC1F /* PBXContainerItemProxy */;
		};
/* End PBXTargetDependency section */

/* Begin XCBuildConfiguration section */
		F3DFB7A02D92D09F0009AC1F /* Debug */ = {
			isa = XCBuildConfiguration;
			buildSettings = {
				ALWAYS_SEARCH_USER_PATHS = NO;
				ASSETCATALOG_COMPILER_GENERATE_SWIFT_ASSET_SYMBOL_EXTENSIONS = YES;
				CLANG_ANALYZER_NONNULL = YES;
				CLANG_ANALYZER_NUMBER_OBJECT_CONVERSION = YES_AGGRESSIVE;
				CLANG_CXX_LANGUAGE_STANDARD = "gnu++20";
				CLANG_ENABLE_MODULES = YES;
				CLANG_ENABLE_OBJC_ARC = YES;
				CLANG_ENABLE_OBJC_WEAK = YES;
				CLANG_WARN_BLOCK_CAPTURE_AUTORELEASING = YES;
				CLANG_WARN_BOOL_CONVERSION = YES;
				CLANG_WARN_COMMA = YES;
				CLANG_WARN_CONSTANT_CONVERSION = YES;
				CLANG_WARN_DEPRECATED_OBJC_IMPLEMENTATIONS = YES;
				CLANG_WARN_DIRECT_OBJC_ISA_USAGE = YES_ERROR;
				CLANG_WARN_DOCUMENTATION_COMMENTS = YES;
				CLANG_WARN_EMPTY_BODY = YES;
				CLANG_WARN_ENUM_CONVERSION = YES;
				CLANG_WARN_INFINITE_RECURSION = YES;
				CLANG_WARN_INT_CONVERSION = YES;
				CLANG_WARN_NON_LITERAL_NULL_CONVERSION = YES;
				CLANG_WARN_OBJC_IMPLICIT_RETAIN_SELF = YES;
				CLANG_WARN_OBJC_LITERAL_CONVERSION = YES;
				CLANG_WARN_OBJC_ROOT_CLASS = YES_ERROR;
				CLANG_WARN_QUOTED_INCLUDE_IN_FRAMEWORK_HEADER = YES;
				CLANG_WARN_RANGE_LOOP_ANALYSIS = YES;
				CLANG_WARN_STRICT_PROTOTYPES = YES;
				CLANG_WARN_SUSPICIOUS_MOVE = YES;
				CLANG_WARN_UNGUARDED_AVAILABILITY = YES_AGGRESSIVE;
				CLANG_WARN_UNREACHABLE_CODE = YES;
				CLANG_WARN__DUPLICATE_METHOD_MATCH = YES;
				COPY_PHASE_STRIP = NO;
				DEBUG_INFORMATION_FORMAT = dwarf;
				ENABLE_STRICT_OBJC_MSGSEND = YES;
				ENABLE_TESTABILITY = YES;
				ENABLE_USER_SCRIPT_SANDBOXING = YES;
				GCC_C_LANGUAGE_STANDARD = gnu17;
				GCC_DYNAMIC_NO_PIC = NO;
				GCC_NO_COMMON_BLOCKS = YES;
				GCC_OPTIMIZATION_LEVEL = 0;
				GCC_PREPROCESSOR_DEFINITIONS = (
					"DEBUG=1",
					"$(inherited)",
				);
				GCC_WARN_64_TO_32_BIT_CONVERSION = YES;
				GCC_WARN_ABOUT_RETURN_TYPE = YES_ERROR;
				GCC_WARN_UNDECLARED_SELECTOR = YES;
				GCC_WARN_UNINITIALIZED_AUTOS = YES_AGGRESSIVE;
				GCC_WARN_UNUSED_FUNCTION = YES;
				GCC_WARN_UNUSED_VARIABLE = YES;
				IPHONEOS_DEPLOYMENT_TARGET = 18.2;
				LOCALIZATION_PREFERS_STRING_CATALOGS = YES;
				MTL_ENABLE_DEBUG_INFO = INCLUDE_SOURCE;
				MTL_FAST_MATH = YES;
				ONLY_ACTIVE_ARCH = YES;
				SDKROOT = iphoneos;
				SWIFT_ACTIVE_COMPILATION_CONDITIONS = "DEBUG $(inherited)";
				SWIFT_OPTIMIZATION_LEVEL = "-Onone";
			};
			name = Debug;
		};
		F3DFB7A12D92D09F0009AC1F /* Release */ = {
			isa = XCBuildConfiguration;
			buildSettings = {
				ALWAYS_SEARCH_USER_PATHS = NO;
				ASSETCATALOG_COMPILER_GENERATE_SWIFT_ASSET_SYMBOL_EXTENSIONS = YES;
				CLANG_ANALYZER_NONNULL = YES;
				CLANG_ANALYZER_NUMBER_OBJECT_CONVERSION = YES_AGGRESSIVE;
				CLANG_CXX_LANGUAGE_STANDARD = "gnu++20";
				CLANG_ENABLE_MODULES = YES;
				CLANG_ENABLE_OBJC_ARC = YES;
				CLANG_ENABLE_OBJC_WEAK = YES;
				CLANG_WARN_BLOCK_CAPTURE_AUTORELEASING = YES;
				CLANG_WARN_BOOL_CONVERSION = YES;
				CLANG_WARN_COMMA = YES;
				CLANG_WARN_CONSTANT_CONVERSION = YES;
				CLANG_WARN_DEPRECATED_OBJC_IMPLEMENTATIONS = YES;
				CLANG_WARN_DIRECT_OBJC_ISA_USAGE = YES_ERROR;
				CLANG_WARN_DOCUMENTATION_COMMENTS = YES;
				CLANG_WARN_EMPTY_BODY = YES;
				CLANG_WARN_ENUM_CONVERSION = YES;
				CLANG_WARN_INFINITE_RECURSION = YES;
				CLANG_WARN_INT_CONVERSION = YES;
				CLANG_WARN_NON_LITERAL_NULL_CONVERSION = YES;
				CLANG_WARN_OBJC_IMPLICIT_RETAIN_SELF = YES;
				CLANG_WARN_OBJC_LITERAL_CONVERSION = YES;
				CLANG_WARN_OBJC_ROOT_CLASS = YES_ERROR;
				CLANG_WARN_QUOTED_INCLUDE_IN_FRAMEWORK_HEADER = YES;
				CLANG_WARN_RANGE_LOOP_ANALYSIS = YES;
				CLANG_WARN_STRICT_PROTOTYPES = YES;
				CLANG_WARN_SUSPICIOUS_MOVE = YES;
				CLANG_WARN_UNGUARDED_AVAILABILITY = YES_AGGRESSIVE;
				CLANG_WARN_UNREACHABLE_CODE = YES;
				CLANG_WARN__DUPLICATE_METHOD_MATCH = YES;
				COPY_PHASE_STRIP = NO;
				DEBUG_INFORMATION_FORMAT = "dwarf-with-dsym";
				ENABLE_NS_ASSERTIONS = NO;
				ENABLE_STRICT_OBJC_MSGSEND = YES;
				ENABLE_USER_SCRIPT_SANDBOXING = YES;
				GCC_C_LANGUAGE_STANDARD = gnu17;
				GCC_NO_COMMON_BLOCKS = YES;
				GCC_WARN_64_TO_32_BIT_CONVERSION = YES;
				GCC_WARN_ABOUT_RETURN_TYPE = YES_ERROR;
				GCC_WARN_UNDECLARED_SELECTOR = YES;
				GCC_WARN_UNINITIALIZED_AUTOS = YES_AGGRESSIVE;
				GCC_WARN_UNUSED_FUNCTION = YES;
				GCC_WARN_UNUSED_VARIABLE = YES;
				IPHONEOS_DEPLOYMENT_TARGET = 18.2;
				LOCALIZATION_PREFERS_STRING_CATALOGS = YES;
				MTL_ENABLE_DEBUG_INFO = NO;
				MTL_FAST_MATH = YES;
				SDKROOT = iphoneos;
				SWIFT_COMPILATION_MODE = wholemodule;
				VALIDATE_PRODUCT = YES;
			};
			name = Release;
		};
		F3DFB7A32D92D09F0009AC1F /* Debug */ = {
			isa = XCBuildConfiguration;
			buildSettings = {
				ASSETCATALOG_COMPILER_APPICON_NAME = AppIcon;
				ASSETCATALOG_COMPILER_GLOBAL_ACCENT_COLOR_NAME = AccentColor;
				CODE_SIGN_IDENTITY = "Apple Development";
				CODE_SIGN_STYLE = Automatic;
				CURRENT_PROJECT_VERSION = 1;
				DEVELOPMENT_ASSET_PATHS = "\"QPair/Preview Content\"";
				DEVELOPMENT_TEAM = 4MH6WP9ZTR;
				ENABLE_PREVIEWS = YES;
				GENERATE_INFOPLIST_FILE = YES;
				INFOPLIST_KEY_NSBluetoothAlwaysUsageDescription = "This app will connect to a Bluetooth peripheral";
				INFOPLIST_KEY_NSBluetoothPeripheralUsageDescription = "This app will connect to a Bluetooth peripheral";
				INFOPLIST_KEY_UIApplicationSceneManifest_Generation = YES;
				INFOPLIST_KEY_UIApplicationSupportsIndirectInputEvents = YES;
				INFOPLIST_KEY_UILaunchScreen_Generation = YES;
				INFOPLIST_KEY_UISupportedInterfaceOrientations_iPad = "UIInterfaceOrientationPortrait UIInterfaceOrientationPortraitUpsideDown UIInterfaceOrientationLandscapeLeft UIInterfaceOrientationLandscapeRight";
				INFOPLIST_KEY_UISupportedInterfaceOrientations_iPhone = "UIInterfaceOrientationPortrait UIInterfaceOrientationLandscapeLeft UIInterfaceOrientationLandscapeRight";
				LD_RUNPATH_SEARCH_PATHS = (
					"$(inherited)",
					"@executable_path/Frameworks",
				);
				MARKETING_VERSION = 1.0;
				PRODUCT_BUNDLE_IDENTIFIER = it.cosmed.QPar;
				PRODUCT_NAME = "$(TARGET_NAME)";
				PROVISIONING_PROFILE_SPECIFIER = "";
				SWIFT_EMIT_LOC_STRINGS = YES;
				SWIFT_VERSION = 5.0;
				TARGETED_DEVICE_FAMILY = "1,2";
			};
			name = Debug;
		};
		F3DFB7A42D92D09F0009AC1F /* Release */ = {
			isa = XCBuildConfiguration;
			buildSettings = {
				ASSETCATALOG_COMPILER_APPICON_NAME = AppIcon;
				ASSETCATALOG_COMPILER_GLOBAL_ACCENT_COLOR_NAME = AccentColor;
				CODE_SIGN_IDENTITY = "Apple Development";
				CODE_SIGN_STYLE = Automatic;
				CURRENT_PROJECT_VERSION = 1;
				DEVELOPMENT_ASSET_PATHS = "\"QPair/Preview Content\"";
				DEVELOPMENT_TEAM = 4MH6WP9ZTR;
				ENABLE_PREVIEWS = YES;
				GENERATE_INFOPLIST_FILE = YES;
				INFOPLIST_KEY_NSBluetoothAlwaysUsageDescription = "This app will connect to a Bluetooth peripheral";
				INFOPLIST_KEY_NSBluetoothPeripheralUsageDescription = "This app will connect to a Bluetooth peripheral";
				INFOPLIST_KEY_UIApplicationSceneManifest_Generation = YES;
				INFOPLIST_KEY_UIApplicationSupportsIndirectInputEvents = YES;
				INFOPLIST_KEY_UILaunchScreen_Generation = YES;
				INFOPLIST_KEY_UISupportedInterfaceOrientations_iPad = "UIInterfaceOrientationPortrait UIInterfaceOrientationPortraitUpsideDown UIInterfaceOrientationLandscapeLeft UIInterfaceOrientationLandscapeRight";
				INFOPLIST_KEY_UISupportedInterfaceOrientations_iPhone = "UIInterfaceOrientationPortrait UIInterfaceOrientationLandscapeLeft UIInterfaceOrientationLandscapeRight";
				LD_RUNPATH_SEARCH_PATHS = (
					"$(inherited)",
					"@executable_path/Frameworks",
				);
				MARKETING_VERSION = 1.0;
				PRODUCT_BUNDLE_IDENTIFIER = it.cosmed.QPar;
				PRODUCT_NAME = "$(TARGET_NAME)";
				PROVISIONING_PROFILE_SPECIFIER = "";
				SWIFT_EMIT_LOC_STRINGS = YES;
				SWIFT_VERSION = 5.0;
				TARGETED_DEVICE_FAMILY = "1,2";
			};
			name = Release;
		};
		F3DFB7A62D92D09F0009AC1F /* Debug */ = {
			isa = XCBuildConfiguration;
			buildSettings = {
				BUNDLE_LOADER = "$(TEST_HOST)";
				CODE_SIGN_STYLE = Automatic;
				CURRENT_PROJECT_VERSION = 1;
				DEVELOPMENT_TEAM = BW3CBQD2N9;
				GENERATE_INFOPLIST_FILE = YES;
				IPHONEOS_DEPLOYMENT_TARGET = 18.2;
				MARKETING_VERSION = 1.0;
				PRODUCT_BUNDLE_IDENTIFIER = com.cosmed.QPairTests;
				PRODUCT_NAME = "$(TARGET_NAME)";
				SWIFT_EMIT_LOC_STRINGS = NO;
				SWIFT_VERSION = 5.0;
				TARGETED_DEVICE_FAMILY = "1,2";
				TEST_HOST = "$(BUILT_PRODUCTS_DIR)/QPair.app/$(BUNDLE_EXECUTABLE_FOLDER_PATH)/QPair";
			};
			name = Debug;
		};
		F3DFB7A72D92D09F0009AC1F /* Release */ = {
			isa = XCBuildConfiguration;
			buildSettings = {
				BUNDLE_LOADER = "$(TEST_HOST)";
				CODE_SIGN_STYLE = Automatic;
				CURRENT_PROJECT_VERSION = 1;
				DEVELOPMENT_TEAM = BW3CBQD2N9;
				GENERATE_INFOPLIST_FILE = YES;
				IPHONEOS_DEPLOYMENT_TARGET = 18.2;
				MARKETING_VERSION = 1.0;
				PRODUCT_BUNDLE_IDENTIFIER = com.cosmed.QPairTests;
				PRODUCT_NAME = "$(TARGET_NAME)";
				SWIFT_EMIT_LOC_STRINGS = NO;
				SWIFT_VERSION = 5.0;
				TARGETED_DEVICE_FAMILY = "1,2";
				TEST_HOST = "$(BUILT_PRODUCTS_DIR)/QPair.app/$(BUNDLE_EXECUTABLE_FOLDER_PATH)/QPair";
			};
			name = Release;
		};
		F3DFB7A92D92D09F0009AC1F /* Debug */ = {
			isa = XCBuildConfiguration;
			buildSettings = {
				CODE_SIGN_STYLE = Automatic;
				CURRENT_PROJECT_VERSION = 1;
				DEVELOPMENT_TEAM = BW3CBQD2N9;
				GENERATE_INFOPLIST_FILE = YES;
				MARKETING_VERSION = 1.0;
				PRODUCT_BUNDLE_IDENTIFIER = com.cosmed.QPairUITests;
				PRODUCT_NAME = "$(TARGET_NAME)";
				SWIFT_EMIT_LOC_STRINGS = NO;
				SWIFT_VERSION = 5.0;
				TARGETED_DEVICE_FAMILY = "1,2";
				TEST_TARGET_NAME = QPair;
			};
			name = Debug;
		};
		F3DFB7AA2D92D09F0009AC1F /* Release */ = {
			isa = XCBuildConfiguration;
			buildSettings = {
				CODE_SIGN_STYLE = Automatic;
				CURRENT_PROJECT_VERSION = 1;
				DEVELOPMENT_TEAM = BW3CBQD2N9;
				GENERATE_INFOPLIST_FILE = YES;
				MARKETING_VERSION = 1.0;
				PRODUCT_BUNDLE_IDENTIFIER = com.cosmed.QPairUITests;
				PRODUCT_NAME = "$(TARGET_NAME)";
				SWIFT_EMIT_LOC_STRINGS = NO;
				SWIFT_VERSION = 5.0;
				TARGETED_DEVICE_FAMILY = "1,2";
				TEST_TARGET_NAME = QPair;
			};
			name = Release;
		};
/* End XCBuildConfiguration section */

/* Begin XCConfigurationList section */
		F3DFB7742D92D09B0009AC1F /* Build configuration list for PBXProject "QPair" */ = {
			isa = XCConfigurationList;
			buildConfigurations = (
				F3DFB7A02D92D09F0009AC1F /* Debug */,
				F3DFB7A12D92D09F0009AC1F /* Release */,
			);
			defaultConfigurationIsVisible = 0;
			defaultConfigurationName = Release;
		};
		F3DFB7A22D92D09F0009AC1F /* Build configuration list for PBXNativeTarget "QPair" */ = {
			isa = XCConfigurationList;
			buildConfigurations = (
				F3DFB7A32D92D09F0009AC1F /* Debug */,
				F3DFB7A42D92D09F0009AC1F /* Release */,
			);
			defaultConfigurationIsVisible = 0;
			defaultConfigurationName = Release;
		};
		F3DFB7A52D92D09F0009AC1F /* Build configuration list for PBXNativeTarget "QPairTests" */ = {
			isa = XCConfigurationList;
			buildConfigurations = (
				F3DFB7A62D92D09F0009AC1F /* Debug */,
				F3DFB7A72D92D09F0009AC1F /* Release */,
			);
			defaultConfigurationIsVisible = 0;
			defaultConfigurationName = Release;
		};
		F3DFB7A82D92D09F0009AC1F /* Build configuration list for PBXNativeTarget "QPairUITests" */ = {
			isa = XCConfigurationList;
			buildConfigurations = (
				F3DFB7A92D92D09F0009AC1F /* Debug */,
				F3DFB7AA2D92D09F0009AC1F /* Release */,
			);
			defaultConfigurationIsVisible = 0;
			defaultConfigurationName = Release;
		};
/* End XCConfigurationList section */
	};
	rootObject = F3DFB7712D92D09B0009AC1F /* Project object */;
}
